<Solution>
  <Folder Name="/src/">
    <Project Path="src/Api/Api.csproj" />
    <Project Path="src/Application/Application.csproj" />
    <Project Path="src/Core/Core.csproj" />
    <Project Path="src/Infra/Infra.csproj" />
  </Folder>
  <Folder Name="/test/">
    <Project Path="test/Core.Test/Core.Test.csproj" />
  </Folder>
</Solution>
